
Microsoft Visual Studio Solution File, Format Version 12.00
# Visual Studio Version 17
VisualStudioVersion = 17.3.32901.215
MinimumVisualStudioVersion = 10.0.40219.1
Project("{9A19103F-16F7-4668-BE54-9A1E7A4F7556}") = "ConverterSpecFlow", "ConverterSpecFlow\ConverterSpecFlow.csproj", "{3B4E9B95-2EFE-4BB6-9B4B-7BDAC48DE22F}"
EndProject
Project("{FAE04EC0-301F-11D3-BF4B-00C04F79EFBC}") = "ConverterProject", "ConverterProject\ConverterProject.csproj", "{50793F32-6922-462C-BB1C-991021FA59DF}"
EndProject
Global
	GlobalSection(SolutionConfigurationPlatforms) = preSolution
		Debug|Any CPU = Debug|Any CPU
		Release|Any CPU = Release|Any CPU
	EndGlobalSection
	GlobalSection(ProjectConfigurationPlatforms) = postSolution
		{3B4E9B95-2EFE-4BB6-9B4B-7BDAC48DE22F}.Debug|Any CPU.ActiveCfg = Debug|Any CPU
		{3B4E9B95-2EFE-4BB6-9B4B-7BDAC48DE22F}.Debug|Any CPU.Build.0 = Debug|Any CPU
		{3B4E9B95-2EFE-4BB6-9B4B-7BDAC48DE22F}.Release|Any CPU.ActiveCfg = Release|Any CPU
		{3B4E9B95-2EFE-4BB6-9B4B-7BDAC48DE22F}.Release|Any CPU.Build.0 = Release|Any CPU
		{50793F32-6922-462C-BB1C-991021FA59DF}.Debug|Any CPU.ActiveCfg = Debug|Any CPU
		{50793F32-6922-462C-BB1C-991021FA59DF}.Debug|Any CPU.Build.0 = Debug|Any CPU
		{50793F32-6922-462C-BB1C-991021FA59DF}.Release|Any CPU.ActiveCfg = Release|Any CPU
		{50793F32-6922-462C-BB1C-991021FA59DF}.Release|Any CPU.Build.0 = Release|Any CPU
	EndGlobalSection
	GlobalSection(SolutionProperties) = preSolution
		HideSolutionNode = FALSE
	EndGlobalSection
	GlobalSection(ExtensibilityGlobals) = postSolution
		SolutionGuid = {CD84CEDE-3153-4C31-B06E-84E7930C4ABF}
	EndGlobalSection
EndGlobal
